
Microsoft Visual Studio Solution File, Format Version 12.00
# Visual Studio Version 17
VisualStudioVersion = 17.10.34928.147
MinimumVisualStudioVersion = 10.0.40219.1
Project("{FAE04EC0-301F-11D3-BF4B-00C04F79EFBC}") = "Padrao MVC", "Padrao MVC.csproj", "{DA8CC959-71EF-4856-B271-387A365D8003}"
EndProject
Global
	GlobalSection(SolutionConfigurationPlatforms) = preSolution
		Debug|Any CPU = Debug|Any CPU
		Release|Any CPU = Release|Any CPU
	EndGlobalSection
	GlobalSection(ProjectConfigurationPlatforms) = postSolution
		{DA8CC959-71EF-4856-B271-387A365D8003}.Debug|Any CPU.ActiveCfg = Debug|Any CPU
		{DA8CC959-71EF-4856-B271-387A365D8003}.Debug|Any CPU.Build.0 = Debug|Any CPU
		{DA8CC959-71EF-4856-B271-387A365D8003}.Release|Any CPU.ActiveCfg = Release|Any CPU
		{DA8CC959-71EF-4856-B271-387A365D8003}.Release|Any CPU.Build.0 = Release|Any CPU
	EndGlobalSection
	GlobalSection(SolutionProperties) = preSolution
		HideSolutionNode = FALSE
	EndGlobalSection
	GlobalSection(ExtensibilityGlobals) = postSolution
		SolutionGuid = {7C1B4BC5-3BEE-4A39-A8F8-E9D9F0338E0D}
	EndGlobalSection
EndGlobal
